
Microsoft Visual Studio Solution File, Format Version 12.00
# Visual Studio Version 16
VisualStudioVersion = 16.0.29613.14
MinimumVisualStudioVersion = 10.0.40219.1
Project("{FAE04EC0-301F-11D3-BF4B-00C04F79EFBC}") = "ClassLibrary1", "ClassLibrary1\ClassLibrary1.csproj", "{4FA64A0C-F579-4FA2-9603-D8C3F7FFA006}"
EndProject
Project("{FAE04EC0-301F-11D3-BF4B-00C04F79EFBC}") = "ClassLibrary1Tests", "ClassLibrary1Tests\ClassLibrary1Tests.csproj", "{A1ACB840-3541-47A2-B1F0-87CCFC1A4FFD}"
EndProject
Global
	GlobalSection(SolutionConfigurationPlatforms) = preSolution
		Debug|Any CPU = Debug|Any CPU
		Release|Any CPU = Release|Any CPU
	EndGlobalSection
	GlobalSection(ProjectConfigurationPlatforms) = postSolution
		{4FA64A0C-F579-4FA2-9603-D8C3F7FFA006}.Debug|Any CPU.ActiveCfg = Debug|Any CPU
		{4FA64A0C-F579-4FA2-9603-D8C3F7FFA006}.Debug|Any CPU.Build.0 = Debug|Any CPU
		{4FA64A0C-F579-4FA2-9603-D8C3F7FFA006}.Release|Any CPU.ActiveCfg = Release|Any CPU
		{4FA64A0C-F579-4FA2-9603-D8C3F7FFA006}.Release|Any CPU.Build.0 = Release|Any CPU
		{A1ACB840-3541-47A2-B1F0-87CCFC1A4FFD}.Debug|Any CPU.ActiveCfg = Debug|Any CPU
		{A1ACB840-3541-47A2-B1F0-87CCFC1A4FFD}.Debug|Any CPU.Build.0 = Debug|Any CPU
		{A1ACB840-3541-47A2-B1F0-87CCFC1A4FFD}.Release|Any CPU.ActiveCfg = Release|Any CPU
		{A1ACB840-3541-47A2-B1F0-87CCFC1A4FFD}.Release|Any CPU.Build.0 = Release|Any CPU
	EndGlobalSection
	GlobalSection(SolutionProperties) = preSolution
		HideSolutionNode = FALSE
	EndGlobalSection
	GlobalSection(ExtensibilityGlobals) = postSolution
		SolutionGuid = {98214CFC-D356-403A-9B27-F05FB916B19C}
	EndGlobalSection
EndGlobal
